
Microsoft Visual Studio Solution File, Format Version 12.00
# Visual Studio Version 16
VisualStudioVersion = 16.0.30413.136
MinimumVisualStudioVersion = 10.0.40219.1
Project("{FAE04EC0-301F-11D3-BF4B-00C04F79EFBC}") = "SeleniumAssignment", "SeleniumAssignment\SeleniumAssignment.csproj", "{80EF74C0-FEBA-4D0D-8DBD-A8CADFAB21B6}"
EndProject
Global
	GlobalSection(SolutionConfigurationPlatforms) = preSolution
		Debug|Any CPU = Debug|Any CPU
		Release|Any CPU = Release|Any CPU
	EndGlobalSection
	GlobalSection(ProjectConfigurationPlatforms) = postSolution
		{80EF74C0-FEBA-4D0D-8DBD-A8CADFAB21B6}.Debug|Any CPU.ActiveCfg = Debug|Any CPU
		{80EF74C0-FEBA-4D0D-8DBD-A8CADFAB21B6}.Debug|Any CPU.Build.0 = Debug|Any CPU
		{80EF74C0-FEBA-4D0D-8DBD-A8CADFAB21B6}.Release|Any CPU.ActiveCfg = Release|Any CPU
		{80EF74C0-FEBA-4D0D-8DBD-A8CADFAB21B6}.Release|Any CPU.Build.0 = Release|Any CPU
	EndGlobalSection
	GlobalSection(SolutionProperties) = preSolution
		HideSolutionNode = FALSE
	EndGlobalSection
	GlobalSection(ExtensibilityGlobals) = postSolution
		SolutionGuid = {09F286A0-9FE7-48A4-AF87-8CAF25EFF5DB}
	EndGlobalSection
EndGlobal
